
Microsoft Visual Studio Solution File, Format Version 12.00
# Visual Studio 15
VisualStudioVersion = 15.0.27703.2042
MinimumVisualStudioVersion = 10.0.40219.1
Project("{FAE04EC0-301F-11D3-BF4B-00C04F79EFBC}") = "SortingAlogrithms", "SortingAlogrithms\SortingAlogrithms.csproj", "{25503815-A8D4-4338-AD9F-83FC13479C96}"
EndProject
Global
	GlobalSection(SolutionConfigurationPlatforms) = preSolution
		Debug|Any CPU = Debug|Any CPU
		Release|Any CPU = Release|Any CPU
	EndGlobalSection
	GlobalSection(ProjectConfigurationPlatforms) = postSolution
		{25503815-A8D4-4338-AD9F-83FC13479C96}.Debug|Any CPU.ActiveCfg = Debug|Any CPU
		{25503815-A8D4-4338-AD9F-83FC13479C96}.Debug|Any CPU.Build.0 = Debug|Any CPU
		{25503815-A8D4-4338-AD9F-83FC13479C96}.Release|Any CPU.ActiveCfg = Release|Any CPU
		{25503815-A8D4-4338-AD9F-83FC13479C96}.Release|Any CPU.Build.0 = Release|Any CPU
	EndGlobalSection
	GlobalSection(SolutionProperties) = preSolution
		HideSolutionNode = FALSE
	EndGlobalSection
	GlobalSection(ExtensibilityGlobals) = postSolution
		SolutionGuid = {2B1E6980-A96F-42A2-A693-BC83306DDFA1}
	EndGlobalSection
EndGlobal
